
Microsoft Visual Studio Solution File, Format Version 12.00
# Visual Studio Version 17
VisualStudioVersion = 17.10.35122.118
MinimumVisualStudioVersion = 10.0.40219.1
Project("{9A19103F-16F7-4668-BE54-9A1E7A4F7556}") = "MyFitnessPalServer", "ReactApp1.Server\MyFitnessPalServer.csproj", "{B07E8C88-7D61-4692-B1AB-6FA6E191513E}"
EndProject
Project("{54A90642-561A-4BB1-A94E-469ADEE60C69}") = "myfitnesspal.client", "reactapp1.client\myfitnesspal.client.esproj", "{B3128B89-D3D0-46CC-B20B-A70344E0362C}"
EndProject
Global
	GlobalSection(SolutionConfigurationPlatforms) = preSolution
		Debug|Any CPU = Debug|Any CPU
		Release|Any CPU = Release|Any CPU
	EndGlobalSection
	GlobalSection(ProjectConfigurationPlatforms) = postSolution
		{B07E8C88-7D61-4692-B1AB-6FA6E191513E}.Debug|Any CPU.ActiveCfg = Debug|Any CPU
		{B07E8C88-7D61-4692-B1AB-6FA6E191513E}.Debug|Any CPU.Build.0 = Debug|Any CPU
		{B07E8C88-7D61-4692-B1AB-6FA6E191513E}.Release|Any CPU.ActiveCfg = Release|Any CPU
		{B07E8C88-7D61-4692-B1AB-6FA6E191513E}.Release|Any CPU.Build.0 = Release|Any CPU
		{B3128B89-D3D0-46CC-B20B-A70344E0362C}.Debug|Any CPU.ActiveCfg = Debug|Any CPU
		{B3128B89-D3D0-46CC-B20B-A70344E0362C}.Debug|Any CPU.Build.0 = Debug|Any CPU
		{B3128B89-D3D0-46CC-B20B-A70344E0362C}.Debug|Any CPU.Deploy.0 = Debug|Any CPU
		{B3128B89-D3D0-46CC-B20B-A70344E0362C}.Release|Any CPU.ActiveCfg = Release|Any CPU
		{B3128B89-D3D0-46CC-B20B-A70344E0362C}.Release|Any CPU.Build.0 = Release|Any CPU
		{B3128B89-D3D0-46CC-B20B-A70344E0362C}.Release|Any CPU.Deploy.0 = Release|Any CPU
	EndGlobalSection
	GlobalSection(SolutionProperties) = preSolution
		HideSolutionNode = FALSE
	EndGlobalSection
	GlobalSection(ExtensibilityGlobals) = postSolution
		SolutionGuid = {C6762FC1-A58A-4A5A-8400-408CC2ABA667}
	EndGlobalSection
EndGlobal
